
Microsoft Visual Studio Solution File, Format Version 12.00
# Visual Studio Version 16
VisualStudioVersion = 16.0.30717.126
MinimumVisualStudioVersion = 10.0.40219.1
Project("{FAE04EC0-301F-11D3-BF4B-00C04F79EFBC}") = "动画初体验", "动画初体验\动画初体验.csproj", "{B69A13CE-33B8-4173-8E3C-D3887FCBABA2}"
EndProject
Global
	GlobalSection(SolutionConfigurationPlatforms) = preSolution
		Debug|Any CPU = Debug|Any CPU
		Release|Any CPU = Release|Any CPU
	EndGlobalSection
	GlobalSection(ProjectConfigurationPlatforms) = postSolution
		{B69A13CE-33B8-4173-8E3C-D3887FCBABA2}.Debug|Any CPU.ActiveCfg = Debug|Any CPU
		{B69A13CE-33B8-4173-8E3C-D3887FCBABA2}.Debug|Any CPU.Build.0 = Debug|Any CPU
		{B69A13CE-33B8-4173-8E3C-D3887FCBABA2}.Release|Any CPU.ActiveCfg = Release|Any CPU
		{B69A13CE-33B8-4173-8E3C-D3887FCBABA2}.Release|Any CPU.Build.0 = Release|Any CPU
	EndGlobalSection
	GlobalSection(SolutionProperties) = preSolution
		HideSolutionNode = FALSE
	EndGlobalSection
	GlobalSection(ExtensibilityGlobals) = postSolution
		SolutionGuid = {9B815C05-DE45-4D70-863E-39E824D06974}
	EndGlobalSection
EndGlobal
